
Microsoft Visual Studio Solution File, Format Version 12.00
# Visual Studio 15
VisualStudioVersion = 15.0.27428.2043
MinimumVisualStudioVersion = 10.0.40219.1
Project("{FAE04EC0-301F-11D3-BF4B-00C04F79EFBC}") = "Xamarin.Android", "Xamarin\Xamarin.Android\Xamarin.Android.csproj", "{246B3D7E-326F-457D-9259-906F9F8E9272}"
EndProject
Project("{FAE04EC0-301F-11D3-BF4B-00C04F79EFBC}") = "Xamarin.iOS", "Xamarin\Xamarin.iOS\Xamarin.iOS.csproj", "{E87250CB-4328-46CD-B06F-34F2AFBBCA01}"
EndProject
Project("{FAE04EC0-301F-11D3-BF4B-00C04F79EFBC}") = "Xamarin", "Xamarin\Xamarin\Xamarin.csproj", "{F53AFC63-AD72-4ABF-B643-613A5AE00724}"
EndProject
Global
	GlobalSection(SolutionConfigurationPlatforms) = preSolution
		Ad-Hoc|Any CPU = Ad-Hoc|Any CPU
		Ad-Hoc|iPhone = Ad-Hoc|iPhone
		Ad-Hoc|iPhoneSimulator = Ad-Hoc|iPhoneSimulator
		AppStore|Any CPU = AppStore|Any CPU
		AppStore|iPhone = AppStore|iPhone
		AppStore|iPhoneSimulator = AppStore|iPhoneSimulator
		Debug|Any CPU = Debug|Any CPU
		Debug|iPhone = Debug|iPhone
		Debug|iPhoneSimulator = Debug|iPhoneSimulator
		Release|Any CPU = Release|Any CPU
		Release|iPhone = Release|iPhone
		Release|iPhoneSimulator = Release|iPhoneSimulator
	EndGlobalSection
	GlobalSection(ProjectConfigurationPlatforms) = postSolution
		{246B3D7E-326F-457D-9259-906F9F8E9272}.Ad-Hoc|Any CPU.ActiveCfg = Release|Any CPU
		{246B3D7E-326F-457D-9259-906F9F8E9272}.Ad-Hoc|Any CPU.Build.0 = Release|Any CPU
		{246B3D7E-326F-457D-9259-906F9F8E9272}.Ad-Hoc|Any CPU.Deploy.0 = Release|Any CPU
		{246B3D7E-326F-457D-9259-906F9F8E9272}.Ad-Hoc|iPhone.ActiveCfg = Release|Any CPU
		{246B3D7E-326F-457D-9259-906F9F8E9272}.Ad-Hoc|iPhone.Build.0 = Release|Any CPU
		{246B3D7E-326F-457D-9259-906F9F8E9272}.Ad-Hoc|iPhone.Deploy.0 = Release|Any CPU
		{246B3D7E-326F-457D-9259-906F9F8E9272}.Ad-Hoc|iPhoneSimulator.ActiveCfg = Release|Any CPU
		{246B3D7E-326F-457D-9259-906F9F8E9272}.Ad-Hoc|iPhoneSimulator.Build.0 = Release|Any CPU
		{246B3D7E-326F-457D-9259-906F9F8E9272}.Ad-Hoc|iPhoneSimulator.Deploy.0 = Release|Any CPU
		{246B3D7E-326F-457D-9259-906F9F8E9272}.AppStore|Any CPU.ActiveCfg = Release|Any CPU
		{246B3D7E-326F-457D-9259-906F9F8E9272}.AppStore|Any CPU.Build.0 = Release|Any CPU
		{246B3D7E-326F-457D-9259-906F9F8E9272}.AppStore|Any CPU.Deploy.0 = Release|Any CPU
		{246B3D7E-326F-457D-9259-906F9F8E9272}.AppStore|iPhone.ActiveCfg = Release|Any CPU
		{246B3D7E-326F-457D-9259-906F9F8E9272}.AppStore|iPhone.Build.0 = Release|Any CPU
		{246B3D7E-326F-457D-9259-906F9F8E9272}.AppStore|iPhone.Deploy.0 = Release|Any CPU
		{246B3D7E-326F-457D-9259-906F9F8E9272}.AppStore|iPhoneSimulator.ActiveCfg = Release|Any CPU
		{246B3D7E-326F-457D-9259-906F9F8E9272}.AppStore|iPhoneSimulator.Build.0 = Release|Any CPU
		{246B3D7E-326F-457D-9259-906F9F8E9272}.AppStore|iPhoneSimulator.Deploy.0 = Release|Any CPU
		{246B3D7E-326F-457D-9259-906F9F8E9272}.Debug|Any CPU.ActiveCfg = Debug|Any CPU
		{246B3D7E-326F-457D-9259-906F9F8E9272}.Debug|Any CPU.Build.0 = Debug|Any CPU
		{246B3D7E-326F-457D-9259-906F9F8E9272}.Debug|Any CPU.Deploy.0 = Debug|Any CPU
		{246B3D7E-326F-457D-9259-906F9F8E9272}.Debug|iPhone.ActiveCfg = Debug|Any CPU
		{246B3D7E-326F-457D-9259-906F9F8E9272}.Debug|iPhone.Build.0 = Debug|Any CPU
		{246B3D7E-326F-457D-9259-906F9F8E9272}.Debug|iPhone.Deploy.0 = Debug|Any CPU
		{246B3D7E-326F-457D-9259-906F9F8E9272}.Debug|iPhoneSimulator.ActiveCfg = Debug|Any CPU
		{246B3D7E-326F-457D-9259-906F9F8E9272}.Debug|iPhoneSimulator.Build.0 = Debug|Any CPU
		{246B3D7E-326F-457D-9259-906F9F8E9272}.Debug|iPhoneSimulator.Deploy.0 = Debug|Any CPU
		{246B3D7E-326F-457D-9259-906F9F8E9272}.Release|Any CPU.ActiveCfg = Release|Any CPU
		{246B3D7E-326F-457D-9259-906F9F8E9272}.Release|Any CPU.Build.0 = Release|Any CPU
		{246B3D7E-326F-457D-9259-906F9F8E9272}.Release|Any CPU.Deploy.0 = Release|Any CPU
		{246B3D7E-326F-457D-9259-906F9F8E9272}.Release|iPhone.ActiveCfg = Release|Any CPU
		{246B3D7E-326F-457D-9259-906F9F8E9272}.Release|iPhone.Build.0 = Release|Any CPU
		{246B3D7E-326F-457D-9259-906F9F8E9272}.Release|iPhone.Deploy.0 = Release|Any CPU
		{246B3D7E-326F-457D-9259-906F9F8E9272}.Release|iPhoneSimulator.ActiveCfg = Release|Any CPU
		{246B3D7E-326F-457D-9259-906F9F8E9272}.Release|iPhoneSimulator.Build.0 = Release|Any CPU
		{246B3D7E-326F-457D-9259-906F9F8E9272}.Release|iPhoneSimulator.Deploy.0 = Release|Any CPU
		{E87250CB-4328-46CD-B06F-34F2AFBBCA01}.Ad-Hoc|Any CPU.ActiveCfg = Ad-Hoc|iPhone
		{E87250CB-4328-46CD-B06F-34F2AFBBCA01}.Ad-Hoc|iPhone.ActiveCfg = Ad-Hoc|iPhone
		{E87250CB-4328-46CD-B06F-34F2AFBBCA01}.Ad-Hoc|iPhone.Build.0 = Ad-Hoc|iPhone
		{E87250CB-4328-46CD-B06F-34F2AFBBCA01}.Ad-Hoc|iPhoneSimulator.ActiveCfg = Ad-Hoc|iPhoneSimulator
		{E87250CB-4328-46CD-B06F-34F2AFBBCA01}.Ad-Hoc|iPhoneSimulator.Build.0 = Ad-Hoc|iPhoneSimulator
		{E87250CB-4328-46CD-B06F-34F2AFBBCA01}.AppStore|Any CPU.ActiveCfg = AppStore|iPhone
		{E87250CB-4328-46CD-B06F-34F2AFBBCA01}.AppStore|iPhone.ActiveCfg = AppStore|iPhone
		{E87250CB-4328-46CD-B06F-34F2AFBBCA01}.AppStore|iPhone.Build.0 = AppStore|iPhone
		{E87250CB-4328-46CD-B06F-34F2AFBBCA01}.AppStore|iPhoneSimulator.ActiveCfg = AppStore|iPhoneSimulator
		{E87250CB-4328-46CD-B06F-34F2AFBBCA01}.AppStore|iPhoneSimulator.Build.0 = AppStore|iPhoneSimulator
		{E87250CB-4328-46CD-B06F-34F2AFBBCA01}.Debug|Any CPU.ActiveCfg = Debug|iPhone
		{E87250CB-4328-46CD-B06F-34F2AFBBCA01}.Debug|iPhone.ActiveCfg = Debug|iPhone
		{E87250CB-4328-46CD-B06F-34F2AFBBCA01}.Debug|iPhone.Build.0 = Debug|iPhone
		{E87250CB-4328-46CD-B06F-34F2AFBBCA01}.Debug|iPhoneSimulator.ActiveCfg = Debug|iPhoneSimulator
		{E87250CB-4328-46CD-B06F-34F2AFBBCA01}.Debug|iPhoneSimulator.Build.0 = Debug|iPhoneSimulator
		{E87250CB-4328-46CD-B06F-34F2AFBBCA01}.Release|Any CPU.ActiveCfg = Release|iPhone
		{E87250CB-4328-46CD-B06F-34F2AFBBCA01}.Release|iPhone.ActiveCfg = Release|iPhone
		{E87250CB-4328-46CD-B06F-34F2AFBBCA01}.Release|iPhone.Build.0 = Release|iPhone
		{E87250CB-4328-46CD-B06F-34F2AFBBCA01}.Release|iPhoneSimulator.ActiveCfg = Release|iPhoneSimulator
		{E87250CB-4328-46CD-B06F-34F2AFBBCA01}.Release|iPhoneSimulator.Build.0 = Release|iPhoneSimulator
		{F53AFC63-AD72-4ABF-B643-613A5AE00724}.Ad-Hoc|Any CPU.ActiveCfg = Debug|Any CPU
		{F53AFC63-AD72-4ABF-B643-613A5AE00724}.Ad-Hoc|Any CPU.Build.0 = Debug|Any CPU
		{F53AFC63-AD72-4ABF-B643-613A5AE00724}.Ad-Hoc|iPhone.ActiveCfg = Debug|Any CPU
		{F53AFC63-AD72-4ABF-B643-613A5AE00724}.Ad-Hoc|iPhone.Build.0 = Debug|Any CPU
		{F53AFC63-AD72-4ABF-B643-613A5AE00724}.Ad-Hoc|iPhoneSimulator.ActiveCfg = Debug|Any CPU
		{F53AFC63-AD72-4ABF-B643-613A5AE00724}.Ad-Hoc|iPhoneSimulator.Build.0 = Debug|Any CPU
		{F53AFC63-AD72-4ABF-B643-613A5AE00724}.AppStore|Any CPU.ActiveCfg = Debug|Any CPU
		{F53AFC63-AD72-4ABF-B643-613A5AE00724}.AppStore|Any CPU.Build.0 = Debug|Any CPU
		{F53AFC63-AD72-4ABF-B643-613A5AE00724}.AppStore|iPhone.ActiveCfg = Debug|Any CPU
		{F53AFC63-AD72-4ABF-B643-613A5AE00724}.AppStore|iPhone.Build.0 = Debug|Any CPU
		{F53AFC63-AD72-4ABF-B643-613A5AE00724}.AppStore|iPhoneSimulator.ActiveCfg = Debug|Any CPU
		{F53AFC63-AD72-4ABF-B643-613A5AE00724}.AppStore|iPhoneSimulator.Build.0 = Debug|Any CPU
		{F53AFC63-AD72-4ABF-B643-613A5AE00724}.Debug|Any CPU.ActiveCfg = Debug|Any CPU
		{F53AFC63-AD72-4ABF-B643-613A5AE00724}.Debug|Any CPU.Build.0 = Debug|Any CPU
		{F53AFC63-AD72-4ABF-B643-613A5AE00724}.Debug|iPhone.ActiveCfg = Debug|Any CPU
		{F53AFC63-AD72-4ABF-B643-613A5AE00724}.Debug|iPhone.Build.0 = Debug|Any CPU
		{F53AFC63-AD72-4ABF-B643-613A5AE00724}.Debug|iPhoneSimulator.ActiveCfg = Debug|Any CPU
		{F53AFC63-AD72-4ABF-B643-613A5AE00724}.Debug|iPhoneSimulator.Build.0 = Debug|Any CPU
		{F53AFC63-AD72-4ABF-B643-613A5AE00724}.Release|Any CPU.ActiveCfg = Release|Any CPU
		{F53AFC63-AD72-4ABF-B643-613A5AE00724}.Release|Any CPU.Build.0 = Release|Any CPU
		{F53AFC63-AD72-4ABF-B643-613A5AE00724}.Release|iPhone.ActiveCfg = Release|Any CPU
		{F53AFC63-AD72-4ABF-B643-613A5AE00724}.Release|iPhone.Build.0 = Release|Any CPU
		{F53AFC63-AD72-4ABF-B643-613A5AE00724}.Release|iPhoneSimulator.ActiveCfg = Release|Any CPU
		{F53AFC63-AD72-4ABF-B643-613A5AE00724}.Release|iPhoneSimulator.Build.0 = Release|Any CPU
	EndGlobalSection
	GlobalSection(SolutionProperties) = preSolution
		HideSolutionNode = FALSE
	EndGlobalSection
	GlobalSection(ExtensibilityGlobals) = postSolution
		SolutionGuid = {C4B11541-6FE9-4489-A1BE-8C1C8F61C8CA}
	EndGlobalSection
EndGlobal
